
Microsoft Visual Studio Solution File, Format Version 12.00
# Visual Studio Version 17
VisualStudioVersion = 17.9.34728.123
MinimumVisualStudioVersion = 10.0.40219.1
Project("{FAE04EC0-301F-11D3-BF4B-00C04F79EFBC}") = "University_Library", "University_Library\University_Library.csproj", "{1BBE08B8-29E4-4136-B093-EC01D28B5E26}"
EndProject
Global
	GlobalSection(SolutionConfigurationPlatforms) = preSolution
		Debug|Any CPU = Debug|Any CPU
		Release|Any CPU = Release|Any CPU
	EndGlobalSection
	GlobalSection(ProjectConfigurationPlatforms) = postSolution
		{1BBE08B8-29E4-4136-B093-EC01D28B5E26}.Debug|Any CPU.ActiveCfg = Debug|Any CPU
		{1BBE08B8-29E4-4136-B093-EC01D28B5E26}.Debug|Any CPU.Build.0 = Debug|Any CPU
		{1BBE08B8-29E4-4136-B093-EC01D28B5E26}.Release|Any CPU.ActiveCfg = Release|Any CPU
		{1BBE08B8-29E4-4136-B093-EC01D28B5E26}.Release|Any CPU.Build.0 = Release|Any CPU
	EndGlobalSection
	GlobalSection(SolutionProperties) = preSolution
		HideSolutionNode = FALSE
	EndGlobalSection
	GlobalSection(ExtensibilityGlobals) = postSolution
		SolutionGuid = {A81C0E60-6D60-4EB4-A7F7-0429E2BCDB16}
	EndGlobalSection
EndGlobal
